Microsoft Visual Studio Solution File, Format Version 9.00
# Visual C# Express 2008
Project("{FAE04EC0-301F-11D3-BF4B-00C04F79EFBC}") = "Axiom.Platforms.Win32", "..\Axiom\Platforms\Win32\Axiom.Platforms.Win32.csproj", "{5E123EF9-47A1-49BA-BF0A-57B32156B2A1}"
	ProjectSection(ProjectDependencies) = postProject
		{85F3D412-09B1-4E0B-8685-F78DEF29C5CE} = {85F3D412-09B1-4E0B-8685-F78DEF29C5CE}
		{48EAC066-47F2-44A5-9454-DFA718DCB55E} = {48EAC066-47F2-44A5-9454-DFA718DCB55E}
	EndProjectSection
EndProject
Project("{FAE04EC0-301F-11D3-BF4B-00C04F79EFBC}") = "Multiverse.Base", "Base\Multiverse.Base.csproj", "{14A1A669-E474-4C8A-99AC-DC15705E395C}"
	ProjectSection(ProjectDependencies) = postProject
		{9F78B40B-536B-4D4C-9B2A-2D17246CC670} = {9F78B40B-536B-4D4C-9B2A-2D17246CC670}
		{85F3D412-09B1-4E0B-8685-F78DEF29C5CE} = {85F3D412-09B1-4E0B-8685-F78DEF29C5CE}
		{CB7A661F-83B9-416D-B204-C1096DC7CF75} = {CB7A661F-83B9-416D-B204-C1096DC7CF75}
		{161E863F-2EE1-4013-ADD5-6045B033D7FE} = {161E863F-2EE1-4013-ADD5-6045B033D7FE}
		{17CFC742-A764-4F7B-8188-CDE1FCF4D292} = {17CFC742-A764-4F7B-8188-CDE1FCF4D292}
		{969AF559-C830-4823-A8A3-DEC358608BA5} = {969AF559-C830-4823-A8A3-DEC358608BA5}
		{48EAC066-47F2-44A5-9454-DFA718DCB55E} = {48EAC066-47F2-44A5-9454-DFA718DCB55E}
		{AE280269-9891-428E-A2E0-8774F2BEAF24} = {AE280269-9891-428E-A2E0-8774F2BEAF24}
		{519EF06F-12B1-43C4-AB84-765EAB4E5B59} = {519EF06F-12B1-43C4-AB84-765EAB4E5B59}
		{61BBF284-FC72-4D15-9783-263CE4BB940C} = {61BBF284-FC72-4D15-9783-263CE4BB940C}
		{62CED69E-5849-4502-8134-020D2EE00FC1} = {62CED69E-5849-4502-8134-020D2EE00FC1}
		{1634B8A5-A73F-4814-809D-CD8E107D2C65} = {1634B8A5-A73F-4814-809D-CD8E107D2C65}
		{E763AAC7-530A-48CF-A846-5423A83FA669} = {E763AAC7-530A-48CF-A846-5423A83FA669}
		{5E123EF9-47A1-49BA-BF0A-57B32156B2A1} = {5E123EF9-47A1-49BA-BF0A-57B32156B2A1}
	EndProjectSection
EndProject
Project("{FAE04EC0-301F-11D3-BF4B-00C04F79EFBC}") = "Multiverse.Network", "Network\Multiverse.Network.csproj", "{161E863F-2EE1-4013-ADD5-6045B033D7FE}"
	ProjectSection(ProjectDependencies) = postProject
		{9F78B40B-536B-4D4C-9B2A-2D17246CC670} = {9F78B40B-536B-4D4C-9B2A-2D17246CC670}
		{85F3D412-09B1-4E0B-8685-F78DEF29C5CE} = {85F3D412-09B1-4E0B-8685-F78DEF29C5CE}
		{969AF559-C830-4823-A8A3-DEC358608BA5} = {969AF559-C830-4823-A8A3-DEC358608BA5}
		{48EAC066-47F2-44A5-9454-DFA718DCB55E} = {48EAC066-47F2-44A5-9454-DFA718DCB55E}
	EndProjectSection
EndProject
Project("{FAE04EC0-301F-11D3-BF4B-00C04F79EFBC}") = "MultiverseClient", "MultiverseClient.csproj", "{08D3DCF5-6DC5-4870-948A-9B9F911E0F83}"
EndProject
Project("{FAE04EC0-301F-11D3-BF4B-00C04F79EFBC}") = "Axiom.SceneManagers.Octree", "..\Axiom\SceneManagers\Octree\Axiom.SceneManagers.Octree.csproj", "{17CFC742-A764-4F7B-8188-CDE1FCF4D292}"
	ProjectSection(ProjectDependencies) = postProject
		{85F3D412-09B1-4E0B-8685-F78DEF29C5CE} = {85F3D412-09B1-4E0B-8685-F78DEF29C5CE}
		{48EAC066-47F2-44A5-9454-DFA718DCB55E} = {48EAC066-47F2-44A5-9454-DFA718DCB55E}
	EndProjectSection
EndProject
Project("{FAE04EC0-301F-11D3-BF4B-00C04F79EFBC}") = "Axiom.MathLib", "..\Axiom\MathLib\Axiom.MathLib.csproj", "{48EAC066-47F2-44A5-9454-DFA718DCB55E}"
EndProject
Project("{FAE04EC0-301F-11D3-BF4B-00C04F79EFBC}") = "Axiom.SceneManagers.Multiverse", "..\mvsm\Axiom.SceneManagers.Multiverse.csproj", "{1634B8A5-A73F-4814-809D-CD8E107D2C65}"
	ProjectSection(ProjectDependencies) = postProject
		{85F3D412-09B1-4E0B-8685-F78DEF29C5CE} = {85F3D412-09B1-4E0B-8685-F78DEF29C5CE}
		{48EAC066-47F2-44A5-9454-DFA718DCB55E} = {48EAC066-47F2-44A5-9454-DFA718DCB55E}
	EndProjectSection
EndProject
Project("{FAE04EC0-301F-11D3-BF4B-00C04F79EFBC}") = "Axiom.Plugins.CgProgramManager", "..\Axiom\Plugins\CgProgramManager\Axiom.Plugins.CgProgramManager.csproj", "{519EF06F-12B1-43C4-AB84-765EAB4E5B59}"
	ProjectSection(ProjectDependencies) = postProject
		{85F3D412-09B1-4E0B-8685-F78DEF29C5CE} = {85F3D412-09B1-4E0B-8685-F78DEF29C5CE}
		{48EAC066-47F2-44A5-9454-DFA718DCB55E} = {48EAC066-47F2-44A5-9454-DFA718DCB55E}
	EndProjectSection
EndProject
Project("{FAE04EC0-301F-11D3-BF4B-00C04F79EFBC}") = "Axiom.Engine", "..\Axiom\Engine\Axiom.Engine.csproj", "{85F3D412-09B1-4E0B-8685-F78DEF29C5CE}"
	ProjectSection(ProjectDependencies) = postProject
		{48EAC066-47F2-44A5-9454-DFA718DCB55E} = {48EAC066-47F2-44A5-9454-DFA718DCB55E}
	EndProjectSection
EndProject
Project("{FAE04EC0-301F-11D3-BF4B-00C04F79EFBC}") = "ConversionTool", "..\Tools\ConversionTool\ConversionTool.csproj", "{AE3CE212-6A01-4925-A7A2-6E3F5E5FCD7B}"
	ProjectSection(ProjectDependencies) = postProject
		{9F78B40B-536B-4D4C-9B2A-2D17246CC670} = {9F78B40B-536B-4D4C-9B2A-2D17246CC670}
		{85F3D412-09B1-4E0B-8685-F78DEF29C5CE} = {85F3D412-09B1-4E0B-8685-F78DEF29C5CE}
		{CB7A661F-83B9-416D-B204-C1096DC7CF75} = {CB7A661F-83B9-416D-B204-C1096DC7CF75}
		{17CFC742-A764-4F7B-8188-CDE1FCF4D292} = {17CFC742-A764-4F7B-8188-CDE1FCF4D292}
		{48EAC066-47F2-44A5-9454-DFA718DCB55E} = {48EAC066-47F2-44A5-9454-DFA718DCB55E}
		{AE280269-9891-428E-A2E0-8774F2BEAF24} = {AE280269-9891-428E-A2E0-8774F2BEAF24}
		{519EF06F-12B1-43C4-AB84-765EAB4E5B59} = {519EF06F-12B1-43C4-AB84-765EAB4E5B59}
		{E763AAC7-530A-48CF-A846-5423A83FA669} = {E763AAC7-530A-48CF-A846-5423A83FA669}
		{5E123EF9-47A1-49BA-BF0A-57B32156B2A1} = {5E123EF9-47A1-49BA-BF0A-57B32156B2A1}
	EndProjectSection
EndProject
Project("{FAE04EC0-301F-11D3-BF4B-00C04F79EFBC}") = "Multiverse.Serialization", "Serialization\Multiverse.Serialization.csproj", "{AE280269-9891-428E-A2E0-8774F2BEAF24}"
	ProjectSection(ProjectDependencies) = postProject
		{9F78B40B-536B-4D4C-9B2A-2D17246CC670} = {9F78B40B-536B-4D4C-9B2A-2D17246CC670}
		{85F3D412-09B1-4E0B-8685-F78DEF29C5CE} = {85F3D412-09B1-4E0B-8685-F78DEF29C5CE}
		{48EAC066-47F2-44A5-9454-DFA718DCB55E} = {48EAC066-47F2-44A5-9454-DFA718DCB55E}
	EndProjectSection
EndProject
Project("{FAE04EC0-301F-11D3-BF4B-00C04F79EFBC}") = "Multiverse.Generator", "..\Lib\Generator\Multiverse.Generator.csproj", "{61BBF284-FC72-4D15-9783-263CE4BB940C}"
	ProjectSection(ProjectDependencies) = postProject
		{85F3D412-09B1-4E0B-8685-F78DEF29C5CE} = {85F3D412-09B1-4E0B-8685-F78DEF29C5CE}
		{48EAC066-47F2-44A5-9454-DFA718DCB55E} = {48EAC066-47F2-44A5-9454-DFA718DCB55E}
		{1634B8A5-A73F-4814-809D-CD8E107D2C65} = {1634B8A5-A73F-4814-809D-CD8E107D2C65}
	EndProjectSection
EndProject
Project("{FAE04EC0-301F-11D3-BF4B-00C04F79EFBC}") = "Multiverse.Interface", "Interface\Multiverse.Interface.csproj", "{62CED69E-5849-4502-8134-020D2EE00FC1}"
	ProjectSection(ProjectDependencies) = postProject
		{85F3D412-09B1-4E0B-8685-F78DEF29C5CE} = {85F3D412-09B1-4E0B-8685-F78DEF29C5CE}
	EndProjectSection
EndProject
Project("{FAE04EC0-301F-11D3-BF4B-00C04F79EFBC}") = "Multiverse.MathLib", "MathLib\Multiverse.MathLib.csproj", "{9F78B40B-536B-4D4C-9B2A-2D17246CC670}"
	ProjectSection(ProjectDependencies) = postProject
		{85F3D412-09B1-4E0B-8685-F78DEF29C5CE} = {85F3D412-09B1-4E0B-8685-F78DEF29C5CE}
		{48EAC066-47F2-44A5-9454-DFA718DCB55E} = {48EAC066-47F2-44A5-9454-DFA718DCB55E}
	EndProjectSection
EndProject
Project("{FAE04EC0-301F-11D3-BF4B-00C04F79EFBC}") = "Axiom.RenderSystems.DirectX9", "..\Axiom\RenderSystems\DirectX9\Axiom.RenderSystems.DirectX9.csproj", "{CB7A661F-83B9-416D-B204-C1096DC7CF75}"
	ProjectSection(ProjectDependencies) = postProject
		{85F3D412-09B1-4E0B-8685-F78DEF29C5CE} = {85F3D412-09B1-4E0B-8685-F78DEF29C5CE}
		{48EAC066-47F2-44A5-9454-DFA718DCB55E} = {48EAC066-47F2-44A5-9454-DFA718DCB55E}
	EndProjectSection
EndProject
Project("{FAE04EC0-301F-11D3-BF4B-00C04F79EFBC}") = "Axiom.Plugins.ParticleFX", "..\Axiom\Plugins\ParticleFX\Axiom.Plugins.ParticleFX.csproj", "{E763AAC7-530A-48CF-A846-5423A83FA669}"
	ProjectSection(ProjectDependencies) = postProject
		{85F3D412-09B1-4E0B-8685-F78DEF29C5CE} = {85F3D412-09B1-4E0B-8685-F78DEF29C5CE}
		{48EAC066-47F2-44A5-9454-DFA718DCB55E} = {48EAC066-47F2-44A5-9454-DFA718DCB55E}
	EndProjectSection
EndProject
Project("{FAE04EC0-301F-11D3-BF4B-00C04F79EFBC}") = "Multiverse.Patcher", "Patcher\Multiverse.Patcher.csproj", "{DA24F315-0C0A-4FFC-9048-07642C064C12}"
EndProject
Project("{FAE04EC0-301F-11D3-BF4B-00C04F79EFBC}") = "ModelViewer", "..\Tools\ModelViewer\ModelViewer.csproj", "{87D85661-59C5-4E11-B74C-BBF0EC81A063}"
EndProject
Project("{FAE04EC0-301F-11D3-BF4B-00C04F79EFBC}") = "TerrainGenerator", "..\Tools\TerrainGenerator\TerrainGenerator.csproj", "{DAC31310-17C6-4D9F-BD78-884A808E203E}"
EndProject
Project("{FAE04EC0-301F-11D3-BF4B-00C04F79EFBC}") = "Multiverse.CollisionLib", "CollisionLib\Multiverse.CollisionLib.csproj", "{EB687263-4BFD-4EC0-A987-055148C056DD}"
EndProject
Project("{FAE04EC0-301F-11D3-BF4B-00C04F79EFBC}") = "StandalonePatcher", "Patcher\StandalonePatcher.csproj", "{F2F2829A-045C-4F35-85E7-F4133ACE7CC0}"
EndProject
Project("{FAE04EC0-301F-11D3-BF4B-00C04F79EFBC}") = "Multiverse.Config", "Config\Multiverse.Config.csproj", "{A885B41B-BDA3-42F7-968D-D471A5B156A2}"
EndProject
Project("{FAE04EC0-301F-11D3-BF4B-00C04F79EFBC}") = "WorldEditor", "..\Tools\WorldEditor\WorldEditor.csproj", "{634DC086-4A1E-41FB-8E8C-BBBD8EA86537}"
EndProject
Project("{FAE04EC0-301F-11D3-BF4B-00C04F79EFBC}") = "HeightfieldGenerator", "..\Lib\HeightfieldGenerator\HeightfieldGenerator.csproj", "{35F25073-16AD-49C6-A15D-7E5AF51CE004}"
EndProject
Project("{FAE04EC0-301F-11D3-BF4B-00C04F79EFBC}") = "Multiverse.AssetRepository", "..\Lib\AssetRepository\Multiverse.AssetRepository.csproj", "{A938BCF5-10B9-45A2-9553-550B2BDBF7CF}"
EndProject
Project("{FAE04EC0-301F-11D3-BF4B-00C04F79EFBC}") = "Multiverse.Gui", "Gui\Multiverse.Gui.csproj", "{DAE8ED1B-8A27-45A3-AC0C-1626C388AE92}"
EndProject
Project("{FAE04EC0-301F-11D3-BF4B-00C04F79EFBC}") = "MosaicCreator", "..\Tools\MosaicCreator\MosaicCreator\MosaicCreator.csproj", "{02AA3F1D-549A-476D-BCFA-68C88D685709}"
EndProject
Project("{FAE04EC0-301F-11D3-BF4B-00C04F79EFBC}") = "AssetImporter", "..\Tools\AssetImporter\AssetImporter.csproj", "{06922CCB-A47E-433D-9BD8-4D8569D5C2A6}"
EndProject
Project("{FAE04EC0-301F-11D3-BF4B-00C04F79EFBC}") = "AssetPackager", "..\Tools\AssetPackager\AssetPackager.csproj", "{015EE2A6-8923-4B5F-900F-15C172B6BF62}"
EndProject
Project("{FAE04EC0-301F-11D3-BF4B-00C04F79EFBC}") = "NormalBump", "..\Tools\NormalBump\NormalBump.csproj", "{F4E25618-F1AE-469A-BAFD-CC42AE581914}"
EndProject
Project("{FAE04EC0-301F-11D3-BF4B-00C04F79EFBC}") = "FMODWrapper", "..\Lib\FMOD\FMODWrapper\FMODWrapper.csproj", "{C0C175AF-AD7A-4A2E-8395-0E13468225EB}"
EndProject
Project("{FAE04EC0-301F-11D3-BF4B-00C04F79EFBC}") = "BaseAssetPackager", "..\Tools\BaseAssetPackager\BaseAssetPackager.csproj", "{1CD71D38-EEB1-4DDF-BD48-1703898A2240}"
EndProject
Project("{FAE04EC0-301F-11D3-BF4B-00C04F79EFBC}") = "Multiverse.Movie", "Movie\Multiverse.Movie.csproj", "{0D916361-D10F-4A4C-9775-1E69A15EF774}"
EndProject
Project("{FAE04EC0-301F-11D3-BF4B-00C04F79EFBC}") = "DirectShowLib", "Movie\Codecs\DirectShowLib\DirectShowLib.csproj", "{CE009BFA-5EF6-4153-B2A1-2FA79698A9AE}"
EndProject
Project("{FAE04EC0-301F-11D3-BF4B-00C04F79EFBC}") = "Multiverse.Web", "Web\Multiverse.Web.csproj", "{DB80E8B4-6A2B-4F94-8B32-D005455D1025}"
EndProject
Project("{FAE04EC0-301F-11D3-BF4B-00C04F79EFBC}") = "NameValuePairs", "..\Lib\NameValuePairs\NameValuePairs\NameValuePairs.csproj", "{87E569A5-D0D9-4478-A247-ECA6BBCE1AFA}"
EndProject
Project("{FAE04EC0-301F-11D3-BF4B-00C04F79EFBC}") = "UserCommand", "..\Lib\UserCommand\UserCommand\UserCommand.csproj", "{703BA62E-E2DB-49AF-AC54-7490633C87A5}"
EndProject
Project("{FAE04EC0-301F-11D3-BF4B-00C04F79EFBC}") = "ValidityHelper", "..\Lib\ValidityHelper\ValidityHelper\ValidityHelper.csproj", "{E61FC0EB-B635-4BB0-B397-73559397682C}"
EndProject
Project("{FAE04EC0-301F-11D3-BF4B-00C04F79EFBC}") = "MultiselectTreeView", "..\Lib\MultiselectTreeView\MultiselectTreeView\MultiselectTreeView.csproj", "{DAF70A2F-D9D6-4874-93BE-359808AFF463}"
EndProject
Project("{FAE04EC0-301F-11D3-BF4B-00C04F79EFBC}") = "XmlHelper", "..\Lib\XmlHelper\XmlHelper.csproj", "{D538B777-424F-4D7F-98E2-F5EE2D3F7D2B}"
EndProject
Project("{FAE04EC0-301F-11D3-BF4B-00C04F79EFBC}") = "Multiverse.Utility", "Utility\Multiverse.Utility.csproj", "{969AF559-C830-4823-A8A3-DEC358608BA5}"
EndProject
Project("{FAE04EC0-301F-11D3-BF4B-00C04F79EFBC}") = "Multiverse.Lib.LogUtil", "..\Lib\LogUtil\Multiverse.Lib.LogUtil.csproj", "{68B78196-2567-4E0F-99E6-F577B2CAAB9A}"
EndProject
Project("{FAE04EC0-301F-11D3-BF4B-00C04F79EFBC}") = "MVImportTool", "..\Tools\MVImportTool\MVImportTool.csproj", "{D7F6B8C0-4335-410C-892B-472C560B84CF}"
EndProject
Global
	GlobalSection(SolutionConfigurationPlatforms) = preSolution
		Debug|Any CPU = Debug|Any CPU
		Release|Any CPU = Release|Any CPU
	EndGlobalSection
	GlobalSection(ProjectConfigurationPlatforms) = postSolution
		{5E123EF9-47A1-49BA-BF0A-57B32156B2A1}.Debug|Any CPU.ActiveCfg = Debug|Any CPU
		{5E123EF9-47A1-49BA-BF0A-57B32156B2A1}.Debug|Any CPU.Build.0 = Debug|Any CPU
		{5E123EF9-47A1-49BA-BF0A-57B32156B2A1}.Release|Any CPU.ActiveCfg = Release|Any CPU
		{5E123EF9-47A1-49BA-BF0A-57B32156B2A1}.Release|Any CPU.Build.0 = Release|Any CPU
		{14A1A669-E474-4C8A-99AC-DC15705E395C}.Debug|Any CPU.ActiveCfg = Debug|Any CPU
		{14A1A669-E474-4C8A-99AC-DC15705E395C}.Debug|Any CPU.Build.0 = Debug|Any CPU
		{14A1A669-E474-4C8A-99AC-DC15705E395C}.Release|Any CPU.ActiveCfg = Release|Any CPU
		{14A1A669-E474-4C8A-99AC-DC15705E395C}.Release|Any CPU.Build.0 = Release|Any CPU
		{161E863F-2EE1-4013-ADD5-6045B033D7FE}.Debug|Any CPU.ActiveCfg = Debug|Any CPU
		{161E863F-2EE1-4013-ADD5-6045B033D7FE}.Debug|Any CPU.Build.0 = Debug|Any CPU
		{161E863F-2EE1-4013-ADD5-6045B033D7FE}.Release|Any CPU.ActiveCfg = Release|Any CPU
		{161E863F-2EE1-4013-ADD5-6045B033D7FE}.Release|Any CPU.Build.0 = Release|Any CPU
		{08D3DCF5-6DC5-4870-948A-9B9F911E0F83}.Debug|Any CPU.ActiveCfg = Debug|Any CPU
		{08D3DCF5-6DC5-4870-948A-9B9F911E0F83}.Debug|Any CPU.Build.0 = Debug|Any CPU
		{08D3DCF5-6DC5-4870-948A-9B9F911E0F83}.Release|Any CPU.ActiveCfg = Release|Any CPU
		{08D3DCF5-6DC5-4870-948A-9B9F911E0F83}.Release|Any CPU.Build.0 = Release|Any CPU
		{17CFC742-A764-4F7B-8188-CDE1FCF4D292}.Debug|Any CPU.ActiveCfg = Debug|Any CPU
		{17CFC742-A764-4F7B-8188-CDE1FCF4D292}.Debug|Any CPU.Build.0 = Debug|Any CPU
		{17CFC742-A764-4F7B-8188-CDE1FCF4D292}.Release|Any CPU.ActiveCfg = Release|Any CPU
		{17CFC742-A764-4F7B-8188-CDE1FCF4D292}.Release|Any CPU.Build.0 = Release|Any CPU
		{48EAC066-47F2-44A5-9454-DFA718DCB55E}.Debug|Any CPU.ActiveCfg = Debug|Any CPU
		{48EAC066-47F2-44A5-9454-DFA718DCB55E}.Debug|Any CPU.Build.0 = Debug|Any CPU
		{48EAC066-47F2-44A5-9454-DFA718DCB55E}.Release|Any CPU.ActiveCfg = Release|Any CPU
		{48EAC066-47F2-44A5-9454-DFA718DCB55E}.Release|Any CPU.Build.0 = Release|Any CPU
		{1634B8A5-A73F-4814-809D-CD8E107D2C65}.Debug|Any CPU.ActiveCfg = Debug|Any CPU
		{1634B8A5-A73F-4814-809D-CD8E107D2C65}.Debug|Any CPU.Build.0 = Debug|Any CPU
		{1634B8A5-A73F-4814-809D-CD8E107D2C65}.Release|Any CPU.ActiveCfg = Release|Any CPU
		{1634B8A5-A73F-4814-809D-CD8E107D2C65}.Release|Any CPU.Build.0 = Release|Any CPU
		{519EF06F-12B1-43C4-AB84-765EAB4E5B59}.Debug|Any CPU.ActiveCfg = Debug|Any CPU
		{519EF06F-12B1-43C4-AB84-765EAB4E5B59}.Debug|Any CPU.Build.0 = Debug|Any CPU
		{519EF06F-12B1-43C4-AB84-765EAB4E5B59}.Release|Any CPU.ActiveCfg = Release|Any CPU
		{519EF06F-12B1-43C4-AB84-765EAB4E5B59}.Release|Any CPU.Build.0 = Release|Any CPU
		{85F3D412-09B1-4E0B-8685-F78DEF29C5CE}.Debug|Any CPU.ActiveCfg = Debug|Any CPU
		{85F3D412-09B1-4E0B-8685-F78DEF29C5CE}.Debug|Any CPU.Build.0 = Debug|Any CPU
		{85F3D412-09B1-4E0B-8685-F78DEF29C5CE}.Release|Any CPU.ActiveCfg = Release|Any CPU
		{85F3D412-09B1-4E0B-8685-F78DEF29C5CE}.Release|Any CPU.Build.0 = Release|Any CPU
		{AE3CE212-6A01-4925-A7A2-6E3F5E5FCD7B}.Debug|Any CPU.ActiveCfg = Debug|Any CPU
		{AE3CE212-6A01-4925-A7A2-6E3F5E5FCD7B}.Debug|Any CPU.Build.0 = Debug|Any CPU
		{AE3CE212-6A01-4925-A7A2-6E3F5E5FCD7B}.Release|Any CPU.ActiveCfg = Release|Any CPU
		{AE3CE212-6A01-4925-A7A2-6E3F5E5FCD7B}.Release|Any CPU.Build.0 = Release|Any CPU
		{AE280269-9891-428E-A2E0-8774F2BEAF24}.Debug|Any CPU.ActiveCfg = Debug|Any CPU
		{AE280269-9891-428E-A2E0-8774F2BEAF24}.Debug|Any CPU.Build.0 = Debug|Any CPU
		{AE280269-9891-428E-A2E0-8774F2BEAF24}.Release|Any CPU.ActiveCfg = Release|Any CPU
		{AE280269-9891-428E-A2E0-8774F2BEAF24}.Release|Any CPU.Build.0 = Release|Any CPU
		{61BBF284-FC72-4D15-9783-263CE4BB940C}.Debug|Any CPU.ActiveCfg = Debug|Any CPU
		{61BBF284-FC72-4D15-9783-263CE4BB940C}.Debug|Any CPU.Build.0 = Debug|Any CPU
		{61BBF284-FC72-4D15-9783-263CE4BB940C}.Release|Any CPU.ActiveCfg = Release|Any CPU
		{61BBF284-FC72-4D15-9783-263CE4BB940C}.Release|Any CPU.Build.0 = Release|Any CPU
		{62CED69E-5849-4502-8134-020D2EE00FC1}.Debug|Any CPU.ActiveCfg = Debug|Any CPU
		{62CED69E-5849-4502-8134-020D2EE00FC1}.Debug|Any CPU.Build.0 = Debug|Any CPU
		{62CED69E-5849-4502-8134-020D2EE00FC1}.Release|Any CPU.ActiveCfg = Release|Any CPU
		{62CED69E-5849-4502-8134-020D2EE00FC1}.Release|Any CPU.Build.0 = Release|Any CPU
		{9F78B40B-536B-4D4C-9B2A-2D17246CC670}.Debug|Any CPU.ActiveCfg = Debug|Any CPU
		{9F78B40B-536B-4D4C-9B2A-2D17246CC670}.Debug|Any CPU.Build.0 = Debug|Any CPU
		{9F78B40B-536B-4D4C-9B2A-2D17246CC670}.Release|Any CPU.ActiveCfg = Release|Any CPU
		{9F78B40B-536B-4D4C-9B2A-2D17246CC670}.Release|Any CPU.Build.0 = Release|Any CPU
		{CB7A661F-83B9-416D-B204-C1096DC7CF75}.Debug|Any CPU.ActiveCfg = Debug|Any CPU
		{CB7A661F-83B9-416D-B204-C1096DC7CF75}.Debug|Any CPU.Build.0 = Debug|Any CPU
		{CB7A661F-83B9-416D-B204-C1096DC7CF75}.Release|Any CPU.ActiveCfg = Release|Any CPU
		{CB7A661F-83B9-416D-B204-C1096DC7CF75}.Release|Any CPU.Build.0 = Release|Any CPU
		{E763AAC7-530A-48CF-A846-5423A83FA669}.Debug|Any CPU.ActiveCfg = Debug|Any CPU
		{E763AAC7-530A-48CF-A846-5423A83FA669}.Debug|Any CPU.Build.0 = Debug|Any CPU
		{E763AAC7-530A-48CF-A846-5423A83FA669}.Release|Any CPU.ActiveCfg = Release|Any CPU
		{E763AAC7-530A-48CF-A846-5423A83FA669}.Release|Any CPU.Build.0 = Release|Any CPU
		{DA24F315-0C0A-4FFC-9048-07642C064C12}.Debug|Any CPU.ActiveCfg = Debug|Any CPU
		{DA24F315-0C0A-4FFC-9048-07642C064C12}.Debug|Any CPU.Build.0 = Debug|Any CPU
		{DA24F315-0C0A-4FFC-9048-07642C064C12}.Release|Any CPU.ActiveCfg = Release|Any CPU
		{DA24F315-0C0A-4FFC-9048-07642C064C12}.Release|Any CPU.Build.0 = Release|Any CPU
		{87D85661-59C5-4E11-B74C-BBF0EC81A063}.Debug|Any CPU.ActiveCfg = Debug|Any CPU
		{87D85661-59C5-4E11-B74C-BBF0EC81A063}.Debug|Any CPU.Build.0 = Debug|Any CPU
		{87D85661-59C5-4E11-B74C-BBF0EC81A063}.Release|Any CPU.ActiveCfg = Release|Any CPU
		{87D85661-59C5-4E11-B74C-BBF0EC81A063}.Release|Any CPU.Build.0 = Release|Any CPU
		{DAC31310-17C6-4D9F-BD78-884A808E203E}.Debug|Any CPU.ActiveCfg = Debug|Any CPU
		{DAC31310-17C6-4D9F-BD78-884A808E203E}.Debug|Any CPU.Build.0 = Debug|Any CPU
		{DAC31310-17C6-4D9F-BD78-884A808E203E}.Release|Any CPU.ActiveCfg = Release|Any CPU
		{DAC31310-17C6-4D9F-BD78-884A808E203E}.Release|Any CPU.Build.0 = Release|Any CPU
		{EB687263-4BFD-4EC0-A987-055148C056DD}.Debug|Any CPU.ActiveCfg = Debug|Any CPU
		{EB687263-4BFD-4EC0-A987-055148C056DD}.Debug|Any CPU.Build.0 = Debug|Any CPU
		{EB687263-4BFD-4EC0-A987-055148C056DD}.Release|Any CPU.ActiveCfg = Release|Any CPU
		{EB687263-4BFD-4EC0-A987-055148C056DD}.Release|Any CPU.Build.0 = Release|Any CPU
		{F2F2829A-045C-4F35-85E7-F4133ACE7CC0}.Debug|Any CPU.ActiveCfg = Debug|Any CPU
		{F2F2829A-045C-4F35-85E7-F4133ACE7CC0}.Debug|Any CPU.Build.0 = Debug|Any CPU
		{F2F2829A-045C-4F35-85E7-F4133ACE7CC0}.Release|Any CPU.ActiveCfg = Release|Any CPU
		{F2F2829A-045C-4F35-85E7-F4133ACE7CC0}.Release|Any CPU.Build.0 = Release|Any CPU
		{A885B41B-BDA3-42F7-968D-D471A5B156A2}.Debug|Any CPU.ActiveCfg = Debug|Any CPU
		{A885B41B-BDA3-42F7-968D-D471A5B156A2}.Debug|Any CPU.Build.0 = Debug|Any CPU
		{A885B41B-BDA3-42F7-968D-D471A5B156A2}.Release|Any CPU.ActiveCfg = Release|Any CPU
		{A885B41B-BDA3-42F7-968D-D471A5B156A2}.Release|Any CPU.Build.0 = Release|Any CPU
		{634DC086-4A1E-41FB-8E8C-BBBD8EA86537}.Debug|Any CPU.ActiveCfg = Debug|Any CPU
		{634DC086-4A1E-41FB-8E8C-BBBD8EA86537}.Debug|Any CPU.Build.0 = Debug|Any CPU
		{634DC086-4A1E-41FB-8E8C-BBBD8EA86537}.Release|Any CPU.ActiveCfg = Release|Any CPU
		{634DC086-4A1E-41FB-8E8C-BBBD8EA86537}.Release|Any CPU.Build.0 = Release|Any CPU
		{35F25073-16AD-49C6-A15D-7E5AF51CE004}.Debug|Any CPU.ActiveCfg = Debug|Any CPU
		{35F25073-16AD-49C6-A15D-7E5AF51CE004}.Debug|Any CPU.Build.0 = Debug|Any CPU
		{35F25073-16AD-49C6-A15D-7E5AF51CE004}.Release|Any CPU.ActiveCfg = Release|Any CPU
		{35F25073-16AD-49C6-A15D-7E5AF51CE004}.Release|Any CPU.Build.0 = Release|Any CPU
		{A938BCF5-10B9-45A2-9553-550B2BDBF7CF}.Debug|Any CPU.ActiveCfg = Debug|Any CPU
		{A938BCF5-10B9-45A2-9553-550B2BDBF7CF}.Debug|Any CPU.Build.0 = Debug|Any CPU
		{A938BCF5-10B9-45A2-9553-550B2BDBF7CF}.Release|Any CPU.ActiveCfg = Release|Any CPU
		{A938BCF5-10B9-45A2-9553-550B2BDBF7CF}.Release|Any CPU.Build.0 = Release|Any CPU
		{DAE8ED1B-8A27-45A3-AC0C-1626C388AE92}.Debug|Any CPU.ActiveCfg = Debug|Any CPU
		{DAE8ED1B-8A27-45A3-AC0C-1626C388AE92}.Debug|Any CPU.Build.0 = Debug|Any CPU
		{DAE8ED1B-8A27-45A3-AC0C-1626C388AE92}.Release|Any CPU.ActiveCfg = Release|Any CPU
		{DAE8ED1B-8A27-45A3-AC0C-1626C388AE92}.Release|Any CPU.Build.0 = Release|Any CPU
		{02AA3F1D-549A-476D-BCFA-68C88D685709}.Debug|Any CPU.ActiveCfg = Debug|Any CPU
		{02AA3F1D-549A-476D-BCFA-68C88D685709}.Debug|Any CPU.Build.0 = Debug|Any CPU
		{02AA3F1D-549A-476D-BCFA-68C88D685709}.Release|Any CPU.ActiveCfg = Release|Any CPU
		{02AA3F1D-549A-476D-BCFA-68C88D685709}.Release|Any CPU.Build.0 = Release|Any CPU
		{06922CCB-A47E-433D-9BD8-4D8569D5C2A6}.Debug|Any CPU.ActiveCfg = Debug|Any CPU
		{06922CCB-A47E-433D-9BD8-4D8569D5C2A6}.Debug|Any CPU.Build.0 = Debug|Any CPU
		{06922CCB-A47E-433D-9BD8-4D8569D5C2A6}.Release|Any CPU.ActiveCfg = Release|Any CPU
		{06922CCB-A47E-433D-9BD8-4D8569D5C2A6}.Release|Any CPU.Build.0 = Release|Any CPU
		{015EE2A6-8923-4B5F-900F-15C172B6BF62}.Debug|Any CPU.ActiveCfg = Debug|Any CPU
		{015EE2A6-8923-4B5F-900F-15C172B6BF62}.Debug|Any CPU.Build.0 = Debug|Any CPU
		{015EE2A6-8923-4B5F-900F-15C172B6BF62}.Release|Any CPU.ActiveCfg = Release|Any CPU
		{015EE2A6-8923-4B5F-900F-15C172B6BF62}.Release|Any CPU.Build.0 = Release|Any CPU
		{F4E25618-F1AE-469A-BAFD-CC42AE581914}.Debug|Any CPU.ActiveCfg = Debug|Any CPU
		{F4E25618-F1AE-469A-BAFD-CC42AE581914}.Debug|Any CPU.Build.0 = Debug|Any CPU
		{F4E25618-F1AE-469A-BAFD-CC42AE581914}.Release|Any CPU.ActiveCfg = Release|Any CPU
		{F4E25618-F1AE-469A-BAFD-CC42AE581914}.Release|Any CPU.Build.0 = Release|Any CPU
		{C0C175AF-AD7A-4A2E-8395-0E13468225EB}.Debug|Any CPU.ActiveCfg = Debug|Any CPU
		{C0C175AF-AD7A-4A2E-8395-0E13468225EB}.Debug|Any CPU.Build.0 = Debug|Any CPU
		{C0C175AF-AD7A-4A2E-8395-0E13468225EB}.Release|Any CPU.ActiveCfg = Release|Any CPU
		{C0C175AF-AD7A-4A2E-8395-0E13468225EB}.Release|Any CPU.Build.0 = Release|Any CPU
		{1CD71D38-EEB1-4DDF-BD48-1703898A2240}.Debug|Any CPU.ActiveCfg = Debug|Any CPU
		{1CD71D38-EEB1-4DDF-BD48-1703898A2240}.Debug|Any CPU.Build.0 = Debug|Any CPU
		{1CD71D38-EEB1-4DDF-BD48-1703898A2240}.Release|Any CPU.ActiveCfg = Release|Any CPU
		{1CD71D38-EEB1-4DDF-BD48-1703898A2240}.Release|Any CPU.Build.0 = Release|Any CPU
		{0D916361-D10F-4A4C-9775-1E69A15EF774}.Debug|Any CPU.ActiveCfg = Debug|Any CPU
		{0D916361-D10F-4A4C-9775-1E69A15EF774}.Debug|Any CPU.Build.0 = Debug|Any CPU
		{0D916361-D10F-4A4C-9775-1E69A15EF774}.Release|Any CPU.ActiveCfg = Release|Any CPU
		{0D916361-D10F-4A4C-9775-1E69A15EF774}.Release|Any CPU.Build.0 = Release|Any CPU
		{CE009BFA-5EF6-4153-B2A1-2FA79698A9AE}.Debug|Any CPU.ActiveCfg = Debug|Any CPU
		{CE009BFA-5EF6-4153-B2A1-2FA79698A9AE}.Debug|Any CPU.Build.0 = Debug|Any CPU
		{CE009BFA-5EF6-4153-B2A1-2FA79698A9AE}.Release|Any CPU.ActiveCfg = Release|Any CPU
		{CE009BFA-5EF6-4153-B2A1-2FA79698A9AE}.Release|Any CPU.Build.0 = Release|Any CPU
		{DB80E8B4-6A2B-4F94-8B32-D005455D1025}.Debug|Any CPU.ActiveCfg = Debug|Any CPU
		{DB80E8B4-6A2B-4F94-8B32-D005455D1025}.Debug|Any CPU.Build.0 = Debug|Any CPU
		{DB80E8B4-6A2B-4F94-8B32-D005455D1025}.Release|Any CPU.ActiveCfg = Release|Any CPU
		{DB80E8B4-6A2B-4F94-8B32-D005455D1025}.Release|Any CPU.Build.0 = Release|Any CPU
		{87E569A5-D0D9-4478-A247-ECA6BBCE1AFA}.Debug|Any CPU.ActiveCfg = Debug|Any CPU
		{87E569A5-D0D9-4478-A247-ECA6BBCE1AFA}.Debug|Any CPU.Build.0 = Debug|Any CPU
		{87E569A5-D0D9-4478-A247-ECA6BBCE1AFA}.Release|Any CPU.ActiveCfg = Release|Any CPU
		{87E569A5-D0D9-4478-A247-ECA6BBCE1AFA}.Release|Any CPU.Build.0 = Release|Any CPU
		{703BA62E-E2DB-49AF-AC54-7490633C87A5}.Debug|Any CPU.ActiveCfg = Debug|Any CPU
		{703BA62E-E2DB-49AF-AC54-7490633C87A5}.Debug|Any CPU.Build.0 = Debug|Any CPU
		{703BA62E-E2DB-49AF-AC54-7490633C87A5}.Release|Any CPU.ActiveCfg = Release|Any CPU
		{703BA62E-E2DB-49AF-AC54-7490633C87A5}.Release|Any CPU.Build.0 = Release|Any CPU
		{E61FC0EB-B635-4BB0-B397-73559397682C}.Debug|Any CPU.ActiveCfg = Debug|Any CPU
		{E61FC0EB-B635-4BB0-B397-73559397682C}.Debug|Any CPU.Build.0 = Debug|Any CPU
		{E61FC0EB-B635-4BB0-B397-73559397682C}.Release|Any CPU.ActiveCfg = Release|Any CPU
		{E61FC0EB-B635-4BB0-B397-73559397682C}.Release|Any CPU.Build.0 = Release|Any CPU
		{DAF70A2F-D9D6-4874-93BE-359808AFF463}.Debug|Any CPU.ActiveCfg = Debug|Any CPU
		{DAF70A2F-D9D6-4874-93BE-359808AFF463}.Debug|Any CPU.Build.0 = Debug|Any CPU
		{DAF70A2F-D9D6-4874-93BE-359808AFF463}.Release|Any CPU.ActiveCfg = Release|Any CPU
		{DAF70A2F-D9D6-4874-93BE-359808AFF463}.Release|Any CPU.Build.0 = Release|Any CPU
		{D538B777-424F-4D7F-98E2-F5EE2D3F7D2B}.Debug|Any CPU.ActiveCfg = Debug|Any CPU
		{D538B777-424F-4D7F-98E2-F5EE2D3F7D2B}.Debug|Any CPU.Build.0 = Debug|Any CPU
		{D538B777-424F-4D7F-98E2-F5EE2D3F7D2B}.Release|Any CPU.ActiveCfg = Release|Any CPU
		{D538B777-424F-4D7F-98E2-F5EE2D3F7D2B}.Release|Any CPU.Build.0 = Release|Any CPU
		{969AF559-C830-4823-A8A3-DEC358608BA5}.Debug|Any CPU.ActiveCfg = Debug|Any CPU
		{969AF559-C830-4823-A8A3-DEC358608BA5}.Debug|Any CPU.Build.0 = Debug|Any CPU
		{969AF559-C830-4823-A8A3-DEC358608BA5}.Release|Any CPU.ActiveCfg = Release|Any CPU
		{969AF559-C830-4823-A8A3-DEC358608BA5}.Release|Any CPU.Build.0 = Release|Any CPU
		{68B78196-2567-4E0F-99E6-F577B2CAAB9A}.Debug|Any CPU.ActiveCfg = Debug|Any CPU
		{68B78196-2567-4E0F-99E6-F577B2CAAB9A}.Debug|Any CPU.Build.0 = Debug|Any CPU
		{68B78196-2567-4E0F-99E6-F577B2CAAB9A}.Release|Any CPU.ActiveCfg = Release|Any CPU
		{68B78196-2567-4E0F-99E6-F577B2CAAB9A}.Release|Any CPU.Build.0 = Release|Any CPU
		{D7F6B8C0-4335-410C-892B-472C560B84CF}.Debug|Any CPU.ActiveCfg = Debug|Any CPU
		{D7F6B8C0-4335-410C-892B-472C560B84CF}.Debug|Any CPU.Build.0 = Debug|Any CPU
		{D7F6B8C0-4335-410C-892B-472C560B84CF}.Release|Any CPU.ActiveCfg = Release|Any CPU
		{D7F6B8C0-4335-410C-892B-472C560B84CF}.Release|Any CPU.Build.0 = Release|Any CPU
	EndGlobalSection
	GlobalSection(SolutionProperties) = preSolution
		HideSolutionNode = FALSE
	EndGlobalSection
EndGlobal
