
Microsoft Visual Studio Solution File, Format Version 11.00
# Visual Studio 2010
Project("{FAE04EC0-301F-11D3-BF4B-00C04F79EFBC}") = "TerrainAssembler.VS2010", "TerrainAssembler.VS2010.csproj", "{3A5EF53F-1280-497B-B00B-DAC8A63DDF56}"
EndProject
Project("{FAE04EC0-301F-11D3-BF4B-00C04F79EFBC}") = "ImageGrid.VS2010", "..\..\..\Lib\ImageGrid\ImageGrid.VS2010.csproj", "{E9A060C1-454C-4192-9590-088213AEBB15}"
EndProject
Global
	GlobalSection(SolutionConfigurationPlatforms) = preSolution
		Debug|Any CPU = Debug|Any CPU
		Release|Any CPU = Release|Any CPU
	EndGlobalSection
	GlobalSection(ProjectConfigurationPlatforms) = postSolution
		{3A5EF53F-1280-497B-B00B-DAC8A63DDF56}.Debug|Any CPU.ActiveCfg = Debug|Any CPU
		{3A5EF53F-1280-497B-B00B-DAC8A63DDF56}.Debug|Any CPU.Build.0 = Debug|Any CPU
		{3A5EF53F-1280-497B-B00B-DAC8A63DDF56}.Release|Any CPU.ActiveCfg = Release|Any CPU
		{3A5EF53F-1280-497B-B00B-DAC8A63DDF56}.Release|Any CPU.Build.0 = Release|Any CPU
		{E9A060C1-454C-4192-9590-088213AEBB15}.Debug|Any CPU.ActiveCfg = Debug|Any CPU
		{E9A060C1-454C-4192-9590-088213AEBB15}.Debug|Any CPU.Build.0 = Debug|Any CPU
		{E9A060C1-454C-4192-9590-088213AEBB15}.Release|Any CPU.ActiveCfg = Release|Any CPU
		{E9A060C1-454C-4192-9590-088213AEBB15}.Release|Any CPU.Build.0 = Release|Any CPU
	EndGlobalSection
	GlobalSection(SolutionProperties) = preSolution
		HideSolutionNode = FALSE
	EndGlobalSection
EndGlobal
