
Microsoft Visual Studio Solution File, Format Version 11.00
# Visual Studio 2010
Project("{FAE04EC0-301F-11D3-BF4B-00C04F79EFBC}") = "MVImportTool.VS2010", "MVImportTool.VS2010.csproj", "{D7F6B8C0-4335-410C-892B-472C560B84CF}"
EndProject
Project("{FAE04EC0-301F-11D3-BF4B-00C04F79EFBC}") = "Multiverse.AssetRepository.VS2010", "..\..\Lib\AssetRepository\Multiverse.AssetRepository.VS2010.csproj", "{A938BCF5-10B9-45A2-9553-550B2BDBF7CF}"
EndProject
Global
	GlobalSection(SolutionConfigurationPlatforms) = preSolution
		Debug|Any CPU = Debug|Any CPU
		Release|Any CPU = Release|Any CPU
	EndGlobalSection
	GlobalSection(ProjectConfigurationPlatforms) = postSolution
		{D7F6B8C0-4335-410C-892B-472C560B84CF}.Debug|Any CPU.ActiveCfg = Debug|Any CPU
		{D7F6B8C0-4335-410C-892B-472C560B84CF}.Debug|Any CPU.Build.0 = Debug|Any CPU
		{D7F6B8C0-4335-410C-892B-472C560B84CF}.Release|Any CPU.ActiveCfg = Release|Any CPU
		{D7F6B8C0-4335-410C-892B-472C560B84CF}.Release|Any CPU.Build.0 = Release|Any CPU
		{A938BCF5-10B9-45A2-9553-550B2BDBF7CF}.Debug|Any CPU.ActiveCfg = Debug|Any CPU
		{A938BCF5-10B9-45A2-9553-550B2BDBF7CF}.Debug|Any CPU.Build.0 = Debug|Any CPU
		{A938BCF5-10B9-45A2-9553-550B2BDBF7CF}.Release|Any CPU.ActiveCfg = Release|Any CPU
		{A938BCF5-10B9-45A2-9553-550B2BDBF7CF}.Release|Any CPU.Build.0 = Release|Any CPU
	EndGlobalSection
	GlobalSection(SolutionProperties) = preSolution
		HideSolutionNode = FALSE
	EndGlobalSection
EndGlobal
