
Microsoft Visual Studio Solution File, Format Version 11.00
# Visual Studio 2010
Project("{FAE04EC0-301F-11D3-BF4B-00C04F79EFBC}") = "SpeexWrapper.VS2010", "SpeexWrapper.VS2010.csproj", "{3D0CCD1B-DEA7-4AE6-85D3-E65C561C1005}"
EndProject
Global
	GlobalSection(SolutionConfigurationPlatforms) = preSolution
		Debug|Any CPU = Debug|Any CPU
		Release|Any CPU = Release|Any CPU
	EndGlobalSection
	GlobalSection(ProjectConfigurationPlatforms) = postSolution
		{3D0CCD1B-DEA7-4AE6-85D3-E65C561C1005}.Debug|Any CPU.ActiveCfg = Debug|Any CPU
		{3D0CCD1B-DEA7-4AE6-85D3-E65C561C1005}.Debug|Any CPU.Build.0 = Debug|Any CPU
		{3D0CCD1B-DEA7-4AE6-85D3-E65C561C1005}.Release|Any CPU.ActiveCfg = Release|Any CPU
		{3D0CCD1B-DEA7-4AE6-85D3-E65C561C1005}.Release|Any CPU.Build.0 = Release|Any CPU
	EndGlobalSection
	GlobalSection(SolutionProperties) = preSolution
		HideSolutionNode = FALSE
	EndGlobalSection
EndGlobal
