
Microsoft Visual Studio Solution File, Format Version 11.00
# Visual Studio 2010
Project("{FAE04EC0-301F-11D3-BF4B-00C04F79EFBC}") = "Axiom.Plugins.ParticleFX.VS2010", "Axiom.Plugins.ParticleFX.VS2010.csproj", "{E763AAC7-530A-48CF-A846-5423A83FA669}"
EndProject
Project("{FAE04EC0-301F-11D3-BF4B-00C04F79EFBC}") = "Axiom.Engine.VS2010", "..\..\Engine\Axiom.Engine.VS2010.csproj", "{85F3D412-09B1-4E0B-8685-F78DEF29C5CE}"
EndProject
Project("{FAE04EC0-301F-11D3-BF4B-00C04F79EFBC}") = "Axiom.MathLib.VS2010", "..\..\MathLib\Axiom.MathLib.VS2010.csproj", "{48EAC066-47F2-44A5-9454-DFA718DCB55E}"
EndProject
Project("{FAE04EC0-301F-11D3-BF4B-00C04F79EFBC}") = "Multiverse.Lib.LogUtil.VS2010", "..\..\..\Lib\LogUtil\Multiverse.Lib.LogUtil.VS2010.csproj", "{68B78196-2567-4E0F-99E6-F577B2CAAB9A}"
EndProject
Global
	GlobalSection(SolutionConfigurationPlatforms) = preSolution
		Debug|Any CPU = Debug|Any CPU
		Release|Any CPU = Release|Any CPU
	EndGlobalSection
	GlobalSection(ProjectConfigurationPlatforms) = postSolution
		{E763AAC7-530A-48CF-A846-5423A83FA669}.Debug|Any CPU.ActiveCfg = Debug|Any CPU
		{E763AAC7-530A-48CF-A846-5423A83FA669}.Debug|Any CPU.Build.0 = Debug|Any CPU
		{E763AAC7-530A-48CF-A846-5423A83FA669}.Release|Any CPU.ActiveCfg = Release|Any CPU
		{E763AAC7-530A-48CF-A846-5423A83FA669}.Release|Any CPU.Build.0 = Release|Any CPU
		{85F3D412-09B1-4E0B-8685-F78DEF29C5CE}.Debug|Any CPU.ActiveCfg = Debug|Any CPU
		{85F3D412-09B1-4E0B-8685-F78DEF29C5CE}.Debug|Any CPU.Build.0 = Debug|Any CPU
		{85F3D412-09B1-4E0B-8685-F78DEF29C5CE}.Release|Any CPU.ActiveCfg = Release|Any CPU
		{85F3D412-09B1-4E0B-8685-F78DEF29C5CE}.Release|Any CPU.Build.0 = Release|Any CPU
		{48EAC066-47F2-44A5-9454-DFA718DCB55E}.Debug|Any CPU.ActiveCfg = Debug|Any CPU
		{48EAC066-47F2-44A5-9454-DFA718DCB55E}.Debug|Any CPU.Build.0 = Debug|Any CPU
		{48EAC066-47F2-44A5-9454-DFA718DCB55E}.Release|Any CPU.ActiveCfg = Release|Any CPU
		{48EAC066-47F2-44A5-9454-DFA718DCB55E}.Release|Any CPU.Build.0 = Release|Any CPU
		{68B78196-2567-4E0F-99E6-F577B2CAAB9A}.Debug|Any CPU.ActiveCfg = Debug|Any CPU
		{68B78196-2567-4E0F-99E6-F577B2CAAB9A}.Debug|Any CPU.Build.0 = Debug|Any CPU
		{68B78196-2567-4E0F-99E6-F577B2CAAB9A}.Release|Any CPU.ActiveCfg = Release|Any CPU
		{68B78196-2567-4E0F-99E6-F577B2CAAB9A}.Release|Any CPU.Build.0 = Release|Any CPU
	EndGlobalSection
	GlobalSection(SolutionProperties) = preSolution
		HideSolutionNode = FALSE
	EndGlobalSection
EndGlobal
