
Microsoft Visual Studio Solution File, Format Version 10.00
# Visual Studio 2008
Project("{FAE04EC0-301F-11D3-BF4B-00C04F79EFBC}") = "DemoTest", "DemoTest.csproj", "{D6D96B9B-9EEB-43CC-9AA2-1C28C52D1177}"
EndProject
Project("{FAE04EC0-301F-11D3-BF4B-00C04F79EFBC}") = "Axiom.Engine", "..\Engine\Axiom.Engine.csproj", "{85F3D412-09B1-4E0B-8685-F78DEF29C5CE}"
EndProject
Project("{FAE04EC0-301F-11D3-BF4B-00C04F79EFBC}") = "Axiom.MathLib", "..\MathLib\Axiom.MathLib.csproj", "{48EAC066-47F2-44A5-9454-DFA718DCB55E}"
EndProject
Project("{FAE04EC0-301F-11D3-BF4B-00C04F79EFBC}") = "Axiom.Plugins.ParticleFX", "..\Plugins\ParticleFX\Axiom.Plugins.ParticleFX.csproj", "{E763AAC7-530A-48CF-A846-5423A83FA669}"
EndProject
Project("{FAE04EC0-301F-11D3-BF4B-00C04F79EFBC}") = "Axiom.Plugins.CgProgramManager", "..\Plugins\CgProgramManager\Axiom.Plugins.CgProgramManager.csproj", "{519EF06F-12B1-43C4-AB84-765EAB4E5B59}"
EndProject
Project("{FAE04EC0-301F-11D3-BF4B-00C04F79EFBC}") = "Axiom.Platforms.Win32", "..\Platforms\Win32\Axiom.Platforms.Win32.csproj", "{5E123EF9-47A1-49BA-BF0A-57B32156B2A1}"
EndProject
Project("{FAE04EC0-301F-11D3-BF4B-00C04F79EFBC}") = "Axiom.RenderSystems.DirectX9", "..\RenderSystems\DirectX9\Axiom.RenderSystems.DirectX9.csproj", "{CB7A661F-83B9-416D-B204-C1096DC7CF75}"
EndProject
Project("{FAE04EC0-301F-11D3-BF4B-00C04F79EFBC}") = "Axiom.SceneManagers.Octree", "..\SceneManagers\Octree\Axiom.SceneManagers.Octree.csproj", "{17CFC742-A764-4F7B-8188-CDE1FCF4D292}"
	ProjectSection(ProjectDependencies) = postProject
		{CB7A661F-83B9-416D-B204-C1096DC7CF75} = {CB7A661F-83B9-416D-B204-C1096DC7CF75}
		{519EF06F-12B1-43C4-AB84-765EAB4E5B59} = {519EF06F-12B1-43C4-AB84-765EAB4E5B59}
		{E763AAC7-530A-48CF-A846-5423A83FA669} = {E763AAC7-530A-48CF-A846-5423A83FA669}
		{5E123EF9-47A1-49BA-BF0A-57B32156B2A1} = {5E123EF9-47A1-49BA-BF0A-57B32156B2A1}
	EndProjectSection
EndProject
Project("{FAE04EC0-301F-11D3-BF4B-00C04F79EFBC}") = "Multiverse.Lib.LogUtil", "..\..\Lib\LogUtil\Multiverse.Lib.LogUtil.csproj", "{68B78196-2567-4E0F-99E6-F577B2CAAB9A}"
EndProject
Project("{FAE04EC0-301F-11D3-BF4B-00C04F79EFBC}") = "Multiverse.Serialization", "..\..\MultiverseClient\Serialization\Multiverse.Serialization.csproj", "{AE280269-9891-428E-A2E0-8774F2BEAF24}"
EndProject
Global
	GlobalSection(SolutionConfigurationPlatforms) = preSolution
		Debug|Any CPU = Debug|Any CPU
		Release|Any CPU = Release|Any CPU
	EndGlobalSection
	GlobalSection(ProjectConfigurationPlatforms) = postSolution
		{D6D96B9B-9EEB-43CC-9AA2-1C28C52D1177}.Debug|Any CPU.ActiveCfg = Debug|Any CPU
		{D6D96B9B-9EEB-43CC-9AA2-1C28C52D1177}.Debug|Any CPU.Build.0 = Debug|Any CPU
		{D6D96B9B-9EEB-43CC-9AA2-1C28C52D1177}.Release|Any CPU.ActiveCfg = Release|Any CPU
		{D6D96B9B-9EEB-43CC-9AA2-1C28C52D1177}.Release|Any CPU.Build.0 = Release|Any CPU
		{85F3D412-09B1-4E0B-8685-F78DEF29C5CE}.Debug|Any CPU.ActiveCfg = Debug|Any CPU
		{85F3D412-09B1-4E0B-8685-F78DEF29C5CE}.Debug|Any CPU.Build.0 = Debug|Any CPU
		{85F3D412-09B1-4E0B-8685-F78DEF29C5CE}.Release|Any CPU.ActiveCfg = Release|Any CPU
		{85F3D412-09B1-4E0B-8685-F78DEF29C5CE}.Release|Any CPU.Build.0 = Release|Any CPU
		{48EAC066-47F2-44A5-9454-DFA718DCB55E}.Debug|Any CPU.ActiveCfg = Debug|Any CPU
		{48EAC066-47F2-44A5-9454-DFA718DCB55E}.Debug|Any CPU.Build.0 = Debug|Any CPU
		{48EAC066-47F2-44A5-9454-DFA718DCB55E}.Release|Any CPU.ActiveCfg = Release|Any CPU
		{48EAC066-47F2-44A5-9454-DFA718DCB55E}.Release|Any CPU.Build.0 = Release|Any CPU
		{E763AAC7-530A-48CF-A846-5423A83FA669}.Debug|Any CPU.ActiveCfg = Debug|Any CPU
		{E763AAC7-530A-48CF-A846-5423A83FA669}.Debug|Any CPU.Build.0 = Debug|Any CPU
		{E763AAC7-530A-48CF-A846-5423A83FA669}.Release|Any CPU.ActiveCfg = Release|Any CPU
		{E763AAC7-530A-48CF-A846-5423A83FA669}.Release|Any CPU.Build.0 = Release|Any CPU
		{519EF06F-12B1-43C4-AB84-765EAB4E5B59}.Debug|Any CPU.ActiveCfg = Debug|Any CPU
		{519EF06F-12B1-43C4-AB84-765EAB4E5B59}.Debug|Any CPU.Build.0 = Debug|Any CPU
		{519EF06F-12B1-43C4-AB84-765EAB4E5B59}.Release|Any CPU.ActiveCfg = Release|Any CPU
		{519EF06F-12B1-43C4-AB84-765EAB4E5B59}.Release|Any CPU.Build.0 = Release|Any CPU
		{5E123EF9-47A1-49BA-BF0A-57B32156B2A1}.Debug|Any CPU.ActiveCfg = Debug|Any CPU
		{5E123EF9-47A1-49BA-BF0A-57B32156B2A1}.Debug|Any CPU.Build.0 = Debug|Any CPU
		{5E123EF9-47A1-49BA-BF0A-57B32156B2A1}.Release|Any CPU.ActiveCfg = Release|Any CPU
		{5E123EF9-47A1-49BA-BF0A-57B32156B2A1}.Release|Any CPU.Build.0 = Release|Any CPU
		{CB7A661F-83B9-416D-B204-C1096DC7CF75}.Debug|Any CPU.ActiveCfg = Debug|Any CPU
		{CB7A661F-83B9-416D-B204-C1096DC7CF75}.Debug|Any CPU.Build.0 = Debug|Any CPU
		{CB7A661F-83B9-416D-B204-C1096DC7CF75}.Release|Any CPU.ActiveCfg = Release|Any CPU
		{CB7A661F-83B9-416D-B204-C1096DC7CF75}.Release|Any CPU.Build.0 = Release|Any CPU
		{17CFC742-A764-4F7B-8188-CDE1FCF4D292}.Debug|Any CPU.ActiveCfg = Debug|Any CPU
		{17CFC742-A764-4F7B-8188-CDE1FCF4D292}.Debug|Any CPU.Build.0 = Debug|Any CPU
		{17CFC742-A764-4F7B-8188-CDE1FCF4D292}.Release|Any CPU.ActiveCfg = Release|Any CPU
		{17CFC742-A764-4F7B-8188-CDE1FCF4D292}.Release|Any CPU.Build.0 = Release|Any CPU
		{68B78196-2567-4E0F-99E6-F577B2CAAB9A}.Debug|Any CPU.ActiveCfg = Debug|Any CPU
		{68B78196-2567-4E0F-99E6-F577B2CAAB9A}.Debug|Any CPU.Build.0 = Debug|Any CPU
		{68B78196-2567-4E0F-99E6-F577B2CAAB9A}.Release|Any CPU.ActiveCfg = Release|Any CPU
		{68B78196-2567-4E0F-99E6-F577B2CAAB9A}.Release|Any CPU.Build.0 = Release|Any CPU
		{AE280269-9891-428E-A2E0-8774F2BEAF24}.Debug|Any CPU.ActiveCfg = Debug|Any CPU
		{AE280269-9891-428E-A2E0-8774F2BEAF24}.Debug|Any CPU.Build.0 = Debug|Any CPU
		{AE280269-9891-428E-A2E0-8774F2BEAF24}.Release|Any CPU.ActiveCfg = Release|Any CPU
		{AE280269-9891-428E-A2E0-8774F2BEAF24}.Release|Any CPU.Build.0 = Release|Any CPU
	EndGlobalSection
	GlobalSection(SolutionProperties) = preSolution
		HideSolutionNode = FALSE
	EndGlobalSection
EndGlobal
