
Microsoft Visual Studio Solution File, Format Version 9.00
# Visual Studio 2005
Project("{FAE04EC0-301F-11D3-BF4B-00C04F79EFBC}") = "NameValuePairs", "NameValuePairs\NameValuePairs.csproj", "{87E569A5-D0D9-4478-A247-ECA6BBCE1AFA}"
EndProject
Global
	GlobalSection(SolutionConfigurationPlatforms) = preSolution
		Debug|Any CPU = Debug|Any CPU
		Release|Any CPU = Release|Any CPU
	EndGlobalSection
	GlobalSection(ProjectConfigurationPlatforms) = postSolution
		{87E569A5-D0D9-4478-A247-ECA6BBCE1AFA}.Debug|Any CPU.ActiveCfg = Debug|Any CPU
		{87E569A5-D0D9-4478-A247-ECA6BBCE1AFA}.Debug|Any CPU.Build.0 = Debug|Any CPU
		{87E569A5-D0D9-4478-A247-ECA6BBCE1AFA}.Release|Any CPU.ActiveCfg = Release|Any CPU
		{87E569A5-D0D9-4478-A247-ECA6BBCE1AFA}.Release|Any CPU.Build.0 = Release|Any CPU
	EndGlobalSection
	GlobalSection(SolutionProperties) = preSolution
		HideSolutionNode = FALSE
	EndGlobalSection
EndGlobal
