
Microsoft Visual Studio Solution File, Format Version 11.00
# Visual Studio 2010
Project("{FAE04EC0-301F-11D3-BF4B-00C04F79EFBC}") = "PropertyValue.VS2010", "PropertyValue.VS2010.csproj", "{19AE5C4A-3B55-4FD7-BDAD-17C6EBF83361}"
EndProject
Global
	GlobalSection(SolutionConfigurationPlatforms) = preSolution
		Debug|Any CPU = Debug|Any CPU
		Release|Any CPU = Release|Any CPU
	EndGlobalSection
	GlobalSection(ProjectConfigurationPlatforms) = postSolution
		{19AE5C4A-3B55-4FD7-BDAD-17C6EBF83361}.Debug|Any CPU.ActiveCfg = Debug|Any CPU
		{19AE5C4A-3B55-4FD7-BDAD-17C6EBF83361}.Debug|Any CPU.Build.0 = Debug|Any CPU
		{19AE5C4A-3B55-4FD7-BDAD-17C6EBF83361}.Release|Any CPU.ActiveCfg = Release|Any CPU
		{19AE5C4A-3B55-4FD7-BDAD-17C6EBF83361}.Release|Any CPU.Build.0 = Release|Any CPU
	EndGlobalSection
	GlobalSection(SolutionProperties) = preSolution
		HideSolutionNode = FALSE
	EndGlobalSection
EndGlobal
