
Microsoft Visual Studio Solution File, Format Version 10.00
# Visual C# Express 2008
Project("{FAE04EC0-301F-11D3-BF4B-00C04F79EFBC}") = "VoiceTest", "VoiceTest.csproj", "{2F6F3389-D668-495D-B639-09E587A8B45C}"
EndProject
Project("{FAE04EC0-301F-11D3-BF4B-00C04F79EFBC}") = "FMODWrapper", "..\..\FMOD\FMODWrapper\FMODWrapper.csproj", "{C0C175AF-AD7A-4A2E-8395-0E13468225EB}"
EndProject
Project("{FAE04EC0-301F-11D3-BF4B-00C04F79EFBC}") = "Multiverse.Voice", "..\Multiverse.Voice.csproj", "{E05497AA-2C38-4716-880E-CF934BF2C47A}"
EndProject
Project("{FAE04EC0-301F-11D3-BF4B-00C04F79EFBC}") = "SpeexWrapper", "..\..\SpeexWrapper\SpeexWrapper.csproj", "{3D0CCD1B-DEA7-4AE6-85D3-E65C561C1005}"
EndProject
Project("{FAE04EC0-301F-11D3-BF4B-00C04F79EFBC}") = "Multiverse.Lib.LogUtil", "..\..\LogUtil\Multiverse.Lib.LogUtil.csproj", "{68B78196-2567-4E0F-99E6-F577B2CAAB9A}"
EndProject
Project("{FAE04EC0-301F-11D3-BF4B-00C04F79EFBC}") = "Axiom.MathLib", "..\..\..\Axiom\MathLib\Axiom.MathLib.csproj", "{48EAC066-47F2-44A5-9454-DFA718DCB55E}"
EndProject
Global
	GlobalSection(SolutionConfigurationPlatforms) = preSolution
		Debug|Any CPU = Debug|Any CPU
		Release|Any CPU = Release|Any CPU
	EndGlobalSection
	GlobalSection(ProjectConfigurationPlatforms) = postSolution
		{2F6F3389-D668-495D-B639-09E587A8B45C}.Debug|Any CPU.ActiveCfg = Debug|Any CPU
		{2F6F3389-D668-495D-B639-09E587A8B45C}.Debug|Any CPU.Build.0 = Debug|Any CPU
		{2F6F3389-D668-495D-B639-09E587A8B45C}.Release|Any CPU.ActiveCfg = Release|Any CPU
		{2F6F3389-D668-495D-B639-09E587A8B45C}.Release|Any CPU.Build.0 = Release|Any CPU
		{C0C175AF-AD7A-4A2E-8395-0E13468225EB}.Debug|Any CPU.ActiveCfg = Debug|Any CPU
		{C0C175AF-AD7A-4A2E-8395-0E13468225EB}.Debug|Any CPU.Build.0 = Debug|Any CPU
		{C0C175AF-AD7A-4A2E-8395-0E13468225EB}.Release|Any CPU.ActiveCfg = Release|Any CPU
		{C0C175AF-AD7A-4A2E-8395-0E13468225EB}.Release|Any CPU.Build.0 = Release|Any CPU
		{E05497AA-2C38-4716-880E-CF934BF2C47A}.Debug|Any CPU.ActiveCfg = Debug|Any CPU
		{E05497AA-2C38-4716-880E-CF934BF2C47A}.Debug|Any CPU.Build.0 = Debug|Any CPU
		{E05497AA-2C38-4716-880E-CF934BF2C47A}.Release|Any CPU.ActiveCfg = Release|Any CPU
		{E05497AA-2C38-4716-880E-CF934BF2C47A}.Release|Any CPU.Build.0 = Release|Any CPU
		{3D0CCD1B-DEA7-4AE6-85D3-E65C561C1005}.Debug|Any CPU.ActiveCfg = Debug|Any CPU
		{3D0CCD1B-DEA7-4AE6-85D3-E65C561C1005}.Debug|Any CPU.Build.0 = Debug|Any CPU
		{3D0CCD1B-DEA7-4AE6-85D3-E65C561C1005}.Release|Any CPU.ActiveCfg = Release|Any CPU
		{3D0CCD1B-DEA7-4AE6-85D3-E65C561C1005}.Release|Any CPU.Build.0 = Release|Any CPU
		{68B78196-2567-4E0F-99E6-F577B2CAAB9A}.Debug|Any CPU.ActiveCfg = Debug|Any CPU
		{68B78196-2567-4E0F-99E6-F577B2CAAB9A}.Debug|Any CPU.Build.0 = Debug|Any CPU
		{68B78196-2567-4E0F-99E6-F577B2CAAB9A}.Release|Any CPU.ActiveCfg = Release|Any CPU
		{68B78196-2567-4E0F-99E6-F577B2CAAB9A}.Release|Any CPU.Build.0 = Release|Any CPU
		{48EAC066-47F2-44A5-9454-DFA718DCB55E}.Debug|Any CPU.ActiveCfg = Debug|Any CPU
		{48EAC066-47F2-44A5-9454-DFA718DCB55E}.Debug|Any CPU.Build.0 = Debug|Any CPU
		{48EAC066-47F2-44A5-9454-DFA718DCB55E}.Release|Any CPU.ActiveCfg = Release|Any CPU
		{48EAC066-47F2-44A5-9454-DFA718DCB55E}.Release|Any CPU.Build.0 = Release|Any CPU
	EndGlobalSection
	GlobalSection(SolutionProperties) = preSolution
		HideSolutionNode = FALSE
	EndGlobalSection
EndGlobal
