
Microsoft Visual Studio Solution File, Format Version 9.00
# Visual Studio 2005
Project("{FAE04EC0-301F-11D3-BF4B-00C04F79EFBC}") = "EncTree", "EncTree\EncTree.csproj", "{D0B87A0B-D997-4CEB-8BA9-05E9CD9537C7}"
EndProject
Global
	GlobalSection(SolutionConfigurationPlatforms) = preSolution
		Debug|Any CPU = Debug|Any CPU
		Release|Any CPU = Release|Any CPU
	EndGlobalSection
	GlobalSection(ProjectConfigurationPlatforms) = postSolution
		{D0B87A0B-D997-4CEB-8BA9-05E9CD9537C7}.Debug|Any CPU.ActiveCfg = Debug|Any CPU
		{D0B87A0B-D997-4CEB-8BA9-05E9CD9537C7}.Debug|Any CPU.Build.0 = Debug|Any CPU
		{D0B87A0B-D997-4CEB-8BA9-05E9CD9537C7}.Release|Any CPU.ActiveCfg = Release|Any CPU
		{D0B87A0B-D997-4CEB-8BA9-05E9CD9537C7}.Release|Any CPU.Build.0 = Release|Any CPU
	EndGlobalSection
	GlobalSection(SolutionProperties) = preSolution
		HideSolutionNode = FALSE
	EndGlobalSection
EndGlobal
