
Microsoft Visual Studio Solution File, Format Version 9.00
# Visual Studio 2005
Project("{FAE04EC0-301F-11D3-BF4B-00C04F79EFBC}") = "Launcher", "Launcher\Launcher.csproj", "{36402746-5CB5-4FA6-A7B3-EBBB79E28DA5}"
EndProject
Global
	GlobalSection(SolutionConfigurationPlatforms) = preSolution
		Debug|Any CPU = Debug|Any CPU
		Release|Any CPU = Release|Any CPU
	EndGlobalSection
	GlobalSection(ProjectConfigurationPlatforms) = postSolution
		{36402746-5CB5-4FA6-A7B3-EBBB79E28DA5}.Debug|Any CPU.ActiveCfg = Debug|Any CPU
		{36402746-5CB5-4FA6-A7B3-EBBB79E28DA5}.Debug|Any CPU.Build.0 = Debug|Any CPU
		{36402746-5CB5-4FA6-A7B3-EBBB79E28DA5}.Release|Any CPU.ActiveCfg = Release|Any CPU
		{36402746-5CB5-4FA6-A7B3-EBBB79E28DA5}.Release|Any CPU.Build.0 = Release|Any CPU
	EndGlobalSection
	GlobalSection(SolutionProperties) = preSolution
		HideSolutionNode = FALSE
	EndGlobalSection
EndGlobal
