
Microsoft Visual Studio Solution File, Format Version 11.00
# Visual Studio 2010
Project("{FAE04EC0-301F-11D3-BF4B-00C04F79EFBC}") = "XmlHelper.VS2010", "XmlHelper.VS2010.csproj", "{D538B777-424F-4D7F-98E2-F5EE2D3F7D2B}"
EndProject
Global
	GlobalSection(SolutionConfigurationPlatforms) = preSolution
		Debug|Any CPU = Debug|Any CPU
		Release|Any CPU = Release|Any CPU
	EndGlobalSection
	GlobalSection(ProjectConfigurationPlatforms) = postSolution
		{D538B777-424F-4D7F-98E2-F5EE2D3F7D2B}.Debug|Any CPU.ActiveCfg = Debug|Any CPU
		{D538B777-424F-4D7F-98E2-F5EE2D3F7D2B}.Debug|Any CPU.Build.0 = Debug|Any CPU
		{D538B777-424F-4D7F-98E2-F5EE2D3F7D2B}.Release|Any CPU.ActiveCfg = Release|Any CPU
		{D538B777-424F-4D7F-98E2-F5EE2D3F7D2B}.Release|Any CPU.Build.0 = Release|Any CPU
	EndGlobalSection
	GlobalSection(SolutionProperties) = preSolution
		HideSolutionNode = FALSE
	EndGlobalSection
EndGlobal
